// !$*UTF8*$!
{
	archiveVersion = 1;
	classes = {
	};
	objectVersion = 50;
	objects = {

/* Begin PBXBuildFile section */
		9C2C48F824E2E72000E54C93 /* AppDelegate.swift in Sources */ = {isa = PBXBuildFile; fileRef = 9C2C48F724E2E72000E54C93 /* AppDelegate.swift */; };
		9C2C48FA24E2E72000E54C93 /* SceneDelegate.swift in Sources */ = {isa = PBXBuildFile; fileRef = 9C2C48F924E2E72000E54C93 /* SceneDelegate.swift */; };
		9C2C48FC24E2E72000E54C93 /* ViewController.swift in Sources */ = {isa = PBXBuildFile; fileRef = 9C2C48FB24E2E72000E54C93 /* ViewController.swift */; };
		9C2C48FF24E2E72000E54C93 /* Main.storyboard in Resources */ = {isa = PBXBuildFile; fileRef = 9C2C48FD24E2E72000E54C93 /* Main.storyboard */; };
		9C2C490124E2E72200E54C93 /* Assets.xcassets in Resources */ = {isa = PBXBuildFile; fileRef = 9C2C490024E2E72200E54C93 /* Assets.xcassets */; };
		9C2C490424E2E72200E54C93 /* LaunchScreen.storyboard in Resources */ = {isa = PBXBuildFile; fileRef = 9C2C490224E2E72200E54C93 /* LaunchScreen.storyboard */; };
		9C2C490F24E2E72200E54C93 /* MakeYourOwnAdventureTests.swift in Sources */ = {isa = PBXBuildFile; fileRef = 9C2C490E24E2E72200E54C93 /* MakeYourOwnAdventureTests.swift */; };
/* End PBXBuildFile section */

/* Begin PBXContainerItemProxy section */
		9C2C490B24E2E72200E54C93 /* PBXContainerItemProxy */ = {
			isa = PBXContainerItemProxy;
			containerPortal = 9C2C48EC24E2E72000E54C93 /* Project object */;
			proxyType = 1;
			remoteGlobalIDString = 9C2C48F324E2E72000E54C93;
			remoteInfo = MakeYourOwnAdventure;
		};
/* End PBXContainerItemProxy section */

/* Begin PBXFileReference section */
		9C2C48F424E2E72000E54C93 /* MakeYourOwnAdventure.app */ = {isa = PBXFileReference; explicitFileType = wrapper.application; includeInIndex = 0; path = MakeYourOwnAdventure.app; sourceTree = BUILT_PRODUCTS_DIR; };
		9C2C48F724E2E72000E54C93 /* AppDelegate.swift */ = {isa = PBXFileReference; lastKnownFileType = sourcecode.swift; path = AppDelegate.swift; sourceTree = "<group>"; };
		9C2C48F924E2E72000E54C93 /* SceneDelegate.swift */ = {isa = PBXFileReference; lastKnownFileType = sourcecode.swift; path = SceneDelegate.swift; sourceTree = "<group>"; };
		9C2C48FB24E2E72000E54C93 /* ViewController.swift */ = {isa = PBXFileReference; lastKnownFileType = sourcecode.swift; path = ViewController.swift; sourceTree = "<group>"; };
		9C2C48FE24E2E72000E54C93 /* Base */ = {isa = PBXFileReference; lastKnownFileType = file.storyboard; name = Base; path = Base.lproj/Main.storyboard; sourceTree = "<group>"; };
		9C2C490024E2E72200E54C93 /* Assets.xcassets */ = {isa = PBXFileReference; lastKnownFileType = folder.assetcatalog; path = Assets.xcassets; sourceTree = "<group>"; };
		9C2C490324E2E72200E54C93 /* Base */ = {isa = PBXFileReference; lastKnownFileType = file.storyboard; name = Base; path = Base.lproj/LaunchScreen.storyboard; sourceTree = "<group>"; };
		9C2C490524E2E72200E54C93 /* Info.plist */ = {isa = PBXFileReference; lastKnownFileType = text.plist.xml; path = Info.plist; sourceTree = "<group>"; };
		9C2C490A24E2E72200E54C93 /* MakeYourOwnAdventureTests.xctest */ = {isa = PBXFileReference; explicitFileType = wrapper.cfbundle; includeInIndex = 0; path = MakeYourOwnAdventureTests.xctest; sourceTree = BUILT_PRODUCTS_DIR; };
		9C2C490E24E2E72200E54C93 /* MakeYourOwnAdventureTests.swift */ = {isa = PBXFileReference; lastKnownFileType = sourcecode.swift; path = MakeYourOwnAdventureTests.swift; sourceTree = "<group>"; };
		9C2C491024E2E72200E54C93 /* Info.plist */ = {isa = PBXFileReference; lastKnownFileType = text.plist.xml; path = Info.plist; sourceTree = "<group>"; };
/* End PBXFileReference section */

/* Begin PBXFrameworksBuildPhase section */
		9C2C48F124E2E72000E54C93 /* Frameworks */ = {
			isa = PBXFrameworksBuildPhase;
			buildActionMask = 2147483647;
			files = (
			);
			runOnlyForDeploymentPostprocessing = 0;
		};
		9C2C490724E2E72200E54C93 /* Frameworks */ = {
			isa = PBXFrameworksBuildPhase;
			buildActionMask = 2147483647;
			files = (
			);
			runOnlyForDeploymentPostprocessing = 0;
		};
/* End PBXFrameworksBuildPhase section */

/* Begin PBXGroup section */
		9C2C48EB24E2E72000E54C93 = {
			isa = PBXGroup;
			children = (
				9C2C48F624E2E72000E54C93 /* MakeYourOwnAdventure */,
				9C2C490D24E2E72200E54C93 /* MakeYourOwnAdventureTests */,
				9C2C48F524E2E72000E54C93 /* Products */,
			);
			sourceTree = "<group>";
		};
		9C2C48F524E2E72000E54C93 /* Products */ = {
			isa = PBXGroup;
			children = (
				9C2C48F424E2E72000E54C93 /* MakeYourOwnAdventure.app */,
				9C2C490A24E2E72200E54C93 /* MakeYourOwnAdventureTests.xctest */,
			);
			name = Products;
			sourceTree = "<group>";
		};
		9C2C48F624E2E72000E54C93 /* MakeYourOwnAdventure */ = {
			isa = PBXGroup;
			children = (
				9C2C48F724E2E72000E54C93 /* AppDelegate.swift */,
				9C2C48F924E2E72000E54C93 /* SceneDelegate.swift */,
				9C2C48FB24E2E72000E54C93 /* ViewController.swift */,
				9C2C48FD24E2E72000E54C93 /* Main.storyboard */,
				9C2C490024E2E72200E54C93 /* Assets.xcassets */,
				9C2C490224E2E72200E54C93 /* LaunchScreen.storyboard */,
				9C2C490524E2E72200E54C93 /* Info.plist */,
			);
			path = MakeYourOwnAdventure;
			sourceTree = "<group>";
		};
		9C2C490D24E2E72200E54C93 /* MakeYourOwnAdventureTests */ = {
			isa = PBXGroup;
			children = (
				9C2C490E24E2E72200E54C93 /* MakeYourOwnAdventureTests.swift */,
				9C2C491024E2E72200E54C93 /* Info.plist */,
			);
			path = MakeYourOwnAdventureTests;
			sourceTree = "<group>";
		};
/* End PBXGroup section */

/* Begin PBXNativeTarget section */
		9C2C48F324E2E72000E54C93 /* MakeYourOwnAdventure */ = {
			isa = PBXNativeTarget;
			buildConfigurationList = 9C2C491324E2E72200E54C93 /* Build configuration list for PBXNativeTarget "MakeYourOwnAdventure" */;
			buildPhases = (
				9C2C48F024E2E72000E54C93 /* Sources */,
				9C2C48F124E2E72000E54C93 /* Frameworks */,
				9C2C48F224E2E72000E54C93 /* Resources */,
			);
			buildRules = (
			);
			dependencies = (
			);
			name = MakeYourOwnAdventure;
			productName = MakeYourOwnAdventure;
			productReference = 9C2C48F424E2E72000E54C93 /* MakeYourOwnAdventure.app */;
			productType = "com.apple.product-type.application";
		};
		9C2C490924E2E72200E54C93 /* MakeYourOwnAdventureTests */ = {
			isa = PBXNativeTarget;
			buildConfigurationList = 9C2C491624E2E72200E54C93 /* Build configuration list for PBXNativeTarget "MakeYourOwnAdventureTests" */;
			buildPhases = (
				9C2C490624E2E72200E54C93 /* Sources */,
				9C2C490724E2E72200E54C93 /* Frameworks */,
				9C2C490824E2E72200E54C93 /* Resources */,
			);
			buildRules = (
			);
			dependencies = (
				9C2C490C24E2E72200E54C93 /* PBXTargetDependency */,
			);
			name = MakeYourOwnAdventureTests;
			productName = MakeYourOwnAdventureTests;
			productReference = 9C2C490A24E2E72200E54C93 /* MakeYourOwnAdventureTests.xctest */;
			productType = "com.apple.product-type.bundle.unit-test";
		};
/* End PBXNativeTarget section */

/* Begin PBXProject section */
		9C2C48EC24E2E72000E54C93 /* Project object */ = {
			isa = PBXProject;
			attributes = {
				LastSwiftUpdateCheck = 1160;
				LastUpgradeCheck = 1160;
				ORGANIZATIONNAME = "Márcio Oliveira";
				TargetAttributes = {
					9C2C48F324E2E72000E54C93 = {
						CreatedOnToolsVersion = 11.6;
					};
					9C2C490924E2E72200E54C93 = {
						CreatedOnToolsVersion = 11.6;
						TestTargetID = 9C2C48F324E2E72000E54C93;
					};
				};
			};
			buildConfigurationList = 9C2C48EF24E2E72000E54C93 /* Build configuration list for PBXProject "MakeYourOwnAdventure" */;
			compatibilityVersion = "Xcode 9.3";
			developmentRegion = en;
			hasScannedForEncodings = 0;
			knownRegions = (
				en,
				Base,
			);
			mainGroup = 9C2C48EB24E2E72000E54C93;
			productRefGroup = 9C2C48F524E2E72000E54C93 /* Products */;
			projectDirPath = "";
			projectRoot = "";
			targets = (
				9C2C48F324E2E72000E54C93 /* MakeYourOwnAdventure */,
				9C2C490924E2E72200E54C93 /* MakeYourOwnAdventureTests */,
			);
		};
/* End PBXProject section */

/* Begin PBXResourcesBuildPhase section */
		9C2C48F224E2E72000E54C93 /* Resources */ = {
			isa = PBXResourcesBuildPhase;
			buildActionMask = 2147483647;
			files = (
				9C2C490424E2E72200E54C93 /* LaunchScreen.storyboard in Resources */,
				9C2C490124E2E72200E54C93 /* Assets.xcassets in Resources */,
				9C2C48FF24E2E72000E54C93 /* Main.storyboard in Resources */,
			);
			runOnlyForDeploymentPostprocessing = 0;
		};
		9C2C490824E2E72200E54C93 /* Resources */ = {
			isa = PBXResourcesBuildPhase;
			buildActionMask = 2147483647;
			files = (
			);
			runOnlyForDeploymentPostprocessing = 0;
		};
/* End PBXResourcesBuildPhase section */

/* Begin PBXSourcesBuildPhase section */
		9C2C48F024E2E72000E54C93 /* Sources */ = {
			isa = PBXSourcesBuildPhase;
			buildActionMask = 2147483647;
			files = (
				9C2C48FC24E2E72000E54C93 /* ViewController.swift in Sources */,
				9C2C48F824E2E72000E54C93 /* AppDelegate.swift in Sources */,
				9C2C48FA24E2E72000E54C93 /* SceneDelegate.swift in Sources */,
			);
			runOnlyForDeploymentPostprocessing = 0;
		};
		9C2C490624E2E72200E54C93 /* Sources */ = {
			isa = PBXSourcesBuildPhase;
			buildActionMask = 2147483647;
			files = (
				9C2C490F24E2E72200E54C93 /* MakeYourOwnAdventureTests.swift in Sources */,
			);
			runOnlyForDeploymentPostprocessing = 0;
		};
/* End PBXSourcesBuildPhase section */

/* Begin PBXTargetDependency section */
		9C2C490C24E2E72200E54C93 /* PBXTargetDependency */ = {
			isa = PBXTargetDependency;
			target = 9C2C48F324E2E72000E54C93 /* MakeYourOwnAdventure */;
			targetProxy = 9C2C490B24E2E72200E54C93 /* PBXContainerItemProxy */;
		};
/* End PBXTargetDependency section */

/* Begin PBXVariantGroup section */
		9C2C48FD24E2E72000E54C93 /* Main.storyboard */ = {
			isa = PBXVariantGroup;
			children = (
				9C2C48FE24E2E72000E54C93 /* Base */,
			);
			name = Main.storyboard;
			sourceTree = "<group>";
		};
		9C2C490224E2E72200E54C93 /* LaunchScreen.storyboard */ = {
			isa = PBXVariantGroup;
			children = (
				9C2C490324E2E72200E54C93 /* Base */,
			);
			name = LaunchScreen.storyboard;
			sourceTree = "<group>";
		};
/* End PBXVariantGroup section */

/* Begin XCBuildConfiguration section */
		9C2C491124E2E72200E54C93 /* Debug */ = {
			isa = XCBuildConfiguration;
			buildSettings = {
				ALWAYS_SEARCH_USER_PATHS = NO;
				CLANG_ANALYZER_NONNULL = YES;
				CLANG_ANALYZER_NUMBER_OBJECT_CONVERSION = YES_AGGRESSIVE;
				CLANG_CXX_LANGUAGE_STANDARD = "gnu++14";
				CLANG_CXX_LIBRARY = "libc++";
				CLANG_ENABLE_MODULES = YES;
				CLANG_ENABLE_OBJC_ARC = YES;
				CLANG_ENABLE_OBJC_WEAK = YES;
				CLANG_WARN_BLOCK_CAPTURE_AUTORELEASING = YES;
				CLANG_WARN_BOOL_CONVERSION = YES;
				CLANG_WARN_COMMA = YES;
				CLANG_WARN_CONSTANT_CONVERSION = YES;
				CLANG_WARN_DEPRECATED_OBJC_IMPLEMENTATIONS = YES;
				CLANG_WARN_DIRECT_OBJC_ISA_USAGE = YES_ERROR;
				CLANG_WARN_DOCUMENTATION_COMMENTS = YES;
				CLANG_WARN_EMPTY_BODY = YES;
				CLANG_WARN_ENUM_CONVERSION = YES;
				CLANG_WARN_INFINITE_RECURSION = YES;
				CLANG_WARN_INT_CONVERSION = YES;
				CLANG_WARN_NON_LITERAL_NULL_CONVERSION = YES;
				CLANG_WARN_OBJC_IMPLICIT_RETAIN_SELF = YES;
				CLANG_WARN_OBJC_LITERAL_CONVERSION = YES;
				CLANG_WARN_OBJC_ROOT_CLASS = YES_ERROR;
				CLANG_WARN_RANGE_LOOP_ANALYSIS = YES;
				CLANG_WARN_STRICT_PROTOTYPES = YES;
				CLANG_WARN_SUSPICIOUS_MOVE = YES;
				CLANG_WARN_UNGUARDED_AVAILABILITY = YES_AGGRESSIVE;
				CLANG_WARN_UNREACHABLE_CODE = YES;
				CLANG_WARN__DUPLICATE_METHOD_MATCH = YES;
				COPY_PHASE_STRIP = NO;
				DEBUG_INFORMATION_FORMAT = dwarf;
				ENABLE_STRICT_OBJC_MSGSEND = YES;
				ENABLE_TESTABILITY = YES;
				GCC_C_LANGUAGE_STANDARD = gnu11;
				GCC_DYNAMIC_NO_PIC = NO;
				GCC_NO_COMMON_BLOCKS = YES;
				GCC_OPTIMIZATION_LEVEL = 0;
				GCC_PREPROCESSOR_DEFINITIONS = (
					"DEBUG=1",
					"$(inherited)",
				);
				GCC_WARN_64_TO_32_BIT_CONVERSION = YES;
				GCC_WARN_ABOUT_RETURN_TYPE = YES_ERROR;
				GCC_WARN_UNDECLARED_SELECTOR = YES;
				GCC_WARN_UNINITIALIZED_AUTOS = YES_AGGRESSIVE;
				GCC_WARN_UNUSED_FUNCTION = YES;
				GCC_WARN_UNUSED_VARIABLE = YES;
				IPHONEOS_DEPLOYMENT_TARGET = 13.6;
				MTL_ENABLE_DEBUG_INFO = INCLUDE_SOURCE;
				MTL_FAST_MATH = YES;
				ONLY_ACTIVE_ARCH = YES;
				SDKROOT = iphoneos;
				SWIFT_ACTIVE_COMPILATION_CONDITIONS = DEBUG;
				SWIFT_OPTIMIZATION_LEVEL = "-Onone";
			};
			name = Debug;
		};
		9C2C491224E2E72200E54C93 /* Release */ = {
			isa = XCBuildConfiguration;
			buildSettings = {
				ALWAYS_SEARCH_USER_PATHS = NO;
				CLANG_ANALYZER_NONNULL = YES;
				CLANG_ANALYZER_NUMBER_OBJECT_CONVERSION = YES_AGGRESSIVE;
				CLANG_CXX_LANGUAGE_STANDARD = "gnu++14";
				CLANG_CXX_LIBRARY = "libc++";
				CLANG_ENABLE_MODULES = YES;
				CLANG_ENABLE_OBJC_ARC = YES;
				CLANG_ENABLE_OBJC_WEAK = YES;
				CLANG_WARN_BLOCK_CAPTURE_AUTORELEASING = YES;
				CLANG_WARN_BOOL_CONVERSION = YES;
				CLANG_WARN_COMMA = YES;
				CLANG_WARN_CONSTANT_CONVERSION = YES;
				CLANG_WARN_DEPRECATED_OBJC_IMPLEMENTATIONS = YES;
				CLANG_WARN_DIRECT_OBJC_ISA_USAGE = YES_ERROR;
				CLANG_WARN_DOCUMENTATION_COMMENTS = YES;
				CLANG_WARN_EMPTY_BODY = YES;
				CLANG_WARN_ENUM_CONVERSION = YES;
				CLANG_WARN_INFINITE_RECURSION = YES;
				CLANG_WARN_INT_CONVERSION = YES;
				CLANG_WARN_NON_LITERAL_NULL_CONVERSION = YES;
				CLANG_WARN_OBJC_IMPLICIT_RETAIN_SELF = YES;
				CLANG_WARN_OBJC_LITERAL_CONVERSION = YES;
				CLANG_WARN_OBJC_ROOT_CLASS = YES_ERROR;
				CLANG_WARN_RANGE_LOOP_ANALYSIS = YES;
				CLANG_WARN_STRICT_PROTOTYPES = YES;
				CLANG_WARN_SUSPICIOUS_MOVE = YES;
				CLANG_WARN_UNGUARDED_AVAILABILITY = YES_AGGRESSIVE;
				CLANG_WARN_UNREACHABLE_CODE = YES;
				CLANG_WARN__DUPLICATE_METHOD_MATCH = YES;
				COPY_PHASE_STRIP = NO;
				DEBUG_INFORMATION_FORMAT = "dwarf-with-dsym";
				ENABLE_NS_ASSERTIONS = NO;
				ENABLE_STRICT_OBJC_MSGSEND = YES;
				GCC_C_LANGUAGE_STANDARD = gnu11;
				GCC_NO_COMMON_BLOCKS = YES;
				GCC_WARN_64_TO_32_BIT_CONVERSION = YES;
				GCC_WARN_ABOUT_RETURN_TYPE = YES_ERROR;
				GCC_WARN_UNDECLARED_SELECTOR = YES;
				GCC_WARN_UNINITIALIZED_AUTOS = YES_AGGRESSIVE;
				GCC_WARN_UNUSED_FUNCTION = YES;
				GCC_WARN_UNUSED_VARIABLE = YES;
				IPHONEOS_DEPLOYMENT_TARGET = 13.6;
				MTL_ENABLE_DEBUG_INFO = NO;
				MTL_FAST_MATH = YES;
				SDKROOT = iphoneos;
				SWIFT_COMPILATION_MODE = wholemodule;
				SWIFT_OPTIMIZATION_LEVEL = "-O";
				VALIDATE_PRODUCT = YES;
			};
			name = Release;
		};
		9C2C491424E2E72200E54C93 /* Debug */ = {
			isa = XCBuildConfiguration;
			buildSettings = {
				ASSETCATALOG_COMPILER_APPICON_NAME = AppIcon;
				CODE_SIGN_STYLE = Automatic;
				DEVELOPMENT_TEAM = 36PZ948353;
				INFOPLIST_FILE = MakeYourOwnAdventure/Info.plist;
				LD_RUNPATH_SEARCH_PATHS = (
					"$(inherited)",
					"@executable_path/Frameworks",
				);
				PRODUCT_BUNDLE_IDENTIFIER = com.marcio.MakeYourOwnAdventure;
				PRODUCT_NAME = "$(TARGET_NAME)";
				SWIFT_VERSION = 5.0;
				TARGETED_DEVICE_FAMILY = "1,2";
			};
			name = Debug;
		};
		9C2C491524E2E72200E54C93 /* Release */ = {
			isa = XCBuildConfiguration;
			buildSettings = {
				ASSETCATALOG_COMPILER_APPICON_NAME = AppIcon;
				CODE_SIGN_STYLE = Automatic;
				DEVELOPMENT_TEAM = 36PZ948353;
				INFOPLIST_FILE = MakeYourOwnAdventure/Info.plist;
				LD_RUNPATH_SEARCH_PATHS = (
					"$(inherited)",
					"@executable_path/Frameworks",
				);
				PRODUCT_BUNDLE_IDENTIFIER = com.marcio.MakeYourOwnAdventure;
				PRODUCT_NAME = "$(TARGET_NAME)";
				SWIFT_VERSION = 5.0;
				TARGETED_DEVICE_FAMILY = "1,2";
			};
			name = Release;
		};
		9C2C491724E2E72200E54C93 /* Debug */ = {
			isa = XCBuildConfiguration;
			buildSettings = {
				ALWAYS_EMBED_SWIFT_STANDARD_LIBRARIES = YES;
				BUNDLE_LOADER = "$(TEST_HOST)";
				CODE_SIGN_STYLE = Automatic;
				DEVELOPMENT_TEAM = 36PZ948353;
				INFOPLIST_FILE = MakeYourOwnAdventureTests/Info.plist;
				IPHONEOS_DEPLOYMENT_TARGET = 13.6;
				LD_RUNPATH_SEARCH_PATHS = (
					"$(inherited)",
					"@executable_path/Frameworks",
					"@loader_path/Frameworks",
				);
				PRODUCT_BUNDLE_IDENTIFIER = com.marcio.MakeYourOwnAdventureTests;
				PRODUCT_NAME = "$(TARGET_NAME)";
				SWIFT_VERSION = 5.0;
				TARGETED_DEVICE_FAMILY = "1,2";
				TEST_HOST = "$(BUILT_PRODUCTS_DIR)/MakeYourOwnAdventure.app/MakeYourOwnAdventure";
			};
			name = Debug;
		};
		9C2C491824E2E72200E54C93 /* Release */ = {
			isa = XCBuildConfiguration;
			buildSettings = {
				ALWAYS_EMBED_SWIFT_STANDARD_LIBRARIES = YES;
				BUNDLE_LOADER = "$(TEST_HOST)";
				CODE_SIGN_STYLE = Automatic;
				DEVELOPMENT_TEAM = 36PZ948353;
				INFOPLIST_FILE = MakeYourOwnAdventureTests/Info.plist;
				IPHONEOS_DEPLOYMENT_TARGET = 13.6;
				LD_RUNPATH_SEARCH_PATHS = (
					"$(inherited)",
					"@executable_path/Frameworks",
					"@loader_path/Frameworks",
				);
				PRODUCT_BUNDLE_IDENTIFIER = com.marcio.MakeYourOwnAdventureTests;
				PRODUCT_NAME = "$(TARGET_NAME)";
				SWIFT_VERSION = 5.0;
				TARGETED_DEVICE_FAMILY = "1,2";
				TEST_HOST = "$(BUILT_PRODUCTS_DIR)/MakeYourOwnAdventure.app/MakeYourOwnAdventure";
			};
			name = Release;
		};
/* End XCBuildConfiguration section */

/* Begin XCConfigurationList section */
		9C2C48EF24E2E72000E54C93 /* Build configuration list for PBXProject "MakeYourOwnAdventure" */ = {
			isa = XCConfigurationList;
			buildConfigurations = (
				9C2C491124E2E72200E54C93 /* Debug */,
				9C2C491224E2E72200E54C93 /* Release */,
			);
			defaultConfigurationIsVisible = 0;
			defaultConfigurationName = Release;
		};
		9C2C491324E2E72200E54C93 /* Build configuration list for PBXNativeTarget "MakeYourOwnAdventure" */ = {
			isa = XCConfigurationList;
			buildConfigurations = (
				9C2C491424E2E72200E54C93 /* Debug */,
				9C2C491524E2E72200E54C93 /* Release */,
			);
			defaultConfigurationIsVisible = 0;
			defaultConfigurationName = Release;
		};
		9C2C491624E2E72200E54C93 /* Build configuration list for PBXNativeTarget "MakeYourOwnAdventureTests" */ = {
			isa = XCConfigurationList;
			buildConfigurations = (
				9C2C491724E2E72200E54C93 /* Debug */,
				9C2C491824E2E72200E54C93 /* Release */,
			);
			defaultConfigurationIsVisible = 0;
			defaultConfigurationName = Release;
		};
/* End XCConfigurationList section */
	};
	rootObject = 9C2C48EC24E2E72000E54C93 /* Project object */;
}
